
Microsoft Visual Studio Solution File, Format Version 12.00
# Visual Studio Version 16
VisualStudioVersion = 16.0.30804.86
MinimumVisualStudioVersion = 10.0.40219.1
Project("{FAE04EC0-301F-11D3-BF4B-00C04F79EFBC}") = "Test", "..\Test\Test.csproj", "{521CA7F6-8502-44AC-B6A6-96692CF51DBC}"
EndProject
Project("{FAE04EC0-301F-11D3-BF4B-00C04F79EFBC}") = "MRZGeneratorSDK", "MRZGeneratorSDK.csproj", "{4DE666E9-B774-4CB8-87D2-046761174051}"
EndProject
Global
	GlobalSection(SolutionConfigurationPlatforms) = preSolution
		Debug|Any CPU = Debug|Any CPU
		Release|Any CPU = Release|Any CPU
	EndGlobalSection
	GlobalSection(ProjectConfigurationPlatforms) = postSolution
		{521CA7F6-8502-44AC-B6A6-96692CF51DBC}.Debug|Any CPU.ActiveCfg = Debug|Any CPU
		{521CA7F6-8502-44AC-B6A6-96692CF51DBC}.Debug|Any CPU.Build.0 = Debug|Any CPU
		{521CA7F6-8502-44AC-B6A6-96692CF51DBC}.Release|Any CPU.ActiveCfg = Release|Any CPU
		{521CA7F6-8502-44AC-B6A6-96692CF51DBC}.Release|Any CPU.Build.0 = Release|Any CPU
		{4DE666E9-B774-4CB8-87D2-046761174051}.Debug|Any CPU.ActiveCfg = Debug|Any CPU
		{4DE666E9-B774-4CB8-87D2-046761174051}.Debug|Any CPU.Build.0 = Debug|Any CPU
		{4DE666E9-B774-4CB8-87D2-046761174051}.Release|Any CPU.ActiveCfg = Release|Any CPU
		{4DE666E9-B774-4CB8-87D2-046761174051}.Release|Any CPU.Build.0 = Release|Any CPU
	EndGlobalSection
	GlobalSection(SolutionProperties) = preSolution
		HideSolutionNode = FALSE
	EndGlobalSection
	GlobalSection(ExtensibilityGlobals) = postSolution
		SolutionGuid = {98D24EA8-DF7F-400E-BD48-57D0631B4EFD}
	EndGlobalSection
EndGlobal
